{
  "originHash" : "64506c666a7413101c55735b9b39e763c48b85e6c9327d37648fe8099b70edfd",
  "pins" : [
    {
      "identity" : "alamofire",
      "kind" : "remoteSourceControl",
      "location" : "https://github.com/Alamofire/Alamofire.git",
      "state" : {
        "revision" : "e938f8c66708e7352fc7e3512647fa54255b267a",
        "version" : "5.11.2"
      }
    },
    {
      "identity" : "kakao-ios-sdk",
      "kind" : "remoteSourceControl",
      "location" : "https://github.com/kakao/kakao-ios-sdk.git",
      "state" : {
        "revision" : "32626459f03d9a3622f91cfc001c6dc97cae33a9",
        "version" : "2.27.3"
      }
    },
    {
      "identity" : "topdesignsystem",
      "kind" : "remoteSourceControl",
      "location" : "https://github.com/KimNahun/TopDesignSystem.git",
      "state" : {
        "branch" : "main",
        "revision" : "d5b60c8551e9ff4f3762357c196a3866df8978c9"
      }
    }
  ],
  "version" : 3
}
